PODS:
  - lottie-ios (3.3.0)
  - TextFieldEffects (1.6.0)

DEPENDENCIES:
  - lottie-ios
  - TextFieldEffects

SPEC REPOS:
  trunk:
    - lottie-ios
    - TextFieldEffects

SPEC CHECKSUMS:
  lottie-ios: 6ac74dcc09904798f59b18cb3075c089d76be9ae
  TextFieldEffects: 529b8aff706fb40f82c41c780c0777941a893796

PODFILE CHECKSUM: 159b2d22ee33aa3a2c776f61c87405dc8c08c084

COCOAPODS: 1.8.4
