// !$*UTF8*$!
{
	archiveVersion = 1;
	classes = {
	};
	objectVersion = 55;
	objects = {

/* Begin PBXBuildFile section */
		1073F68827C62C720089312C /* homeVC.swift in Sources */ = {isa = PBXBuildFile; fileRef = 1073F68727C62C720089312C /* homeVC.swift */; };
		10BD132E27C61F490059DCD0 /* AppDelegate.swift in Sources */ = {isa = PBXBuildFile; fileRef = 10BD132D27C61F490059DCD0 /* AppDelegate.swift */; };
		10BD133027C61F490059DCD0 /* SceneDelegate.swift in Sources */ = {isa = PBXBuildFile; fileRef = 10BD132F27C61F490059DCD0 /* SceneDelegate.swift */; };
		10BD133227C61F490059DCD0 /* ViewController.swift in Sources */ = {isa = PBXBuildFile; fileRef = 10BD133127C61F490059DCD0 /* ViewController.swift */; };
		10BD133527C61F490059DCD0 /* Main.storyboard in Resources */ = {isa = PBXBuildFile; fileRef = 10BD133327C61F490059DCD0 /* Main.storyboard */; };
		10BD133827C61F490059DCD0 /* MiniChallenge3.xcdatamodeld in Sources */ = {isa = PBXBuildFile; fileRef = 10BD133627C61F490059DCD0 /* MiniChallenge3.xcdatamodeld */; };
		10BD133A27C61F4A0059DCD0 /* Assets.xcassets in Resources */ = {isa = PBXBuildFile; fileRef = 10BD133927C61F4A0059DCD0 /* Assets.xcassets */; };
		10BD133D27C61F4A0059DCD0 /* LaunchScreen.storyboard in Resources */ = {isa = PBXBuildFile; fileRef = 10BD133B27C61F4A0059DCD0 /* LaunchScreen.storyboard */; };
		10BD134827C61F4A0059DCD0 /* MiniChallenge3Tests.swift in Sources */ = {isa = PBXBuildFile; fileRef = 10BD134727C61F4A0059DCD0 /* MiniChallenge3Tests.swift */; };
		10BD135227C61F4A0059DCD0 /* MiniChallenge3UITests.swift in Sources */ = {isa = PBXBuildFile; fileRef = 10BD135127C61F4A0059DCD0 /* MiniChallenge3UITests.swift */; };
		10BD135427C61F4A0059DCD0 /* MiniChallenge3UITestsLaunchTests.swift in Sources */ = {isa = PBXBuildFile; fileRef = 10BD135327C61F4A0059DCD0 /* MiniChallenge3UITestsLaunchTests.swift */; };
/* End PBXBuildFile section */

/* Begin PBXContainerItemProxy section */
		10BD134427C61F4A0059DCD0 /* PBXContainerItemProxy */ = {
			isa = PBXContainerItemProxy;
			containerPortal = 10BD132227C61F490059DCD0 /* Project object */;
			proxyType = 1;
			remoteGlobalIDString = 10BD132927C61F490059DCD0;
			remoteInfo = MiniChallenge3;
		};
		10BD134E27C61F4A0059DCD0 /* PBXContainerItemProxy */ = {
			isa = PBXContainerItemProxy;
			containerPortal = 10BD132227C61F490059DCD0 /* Project object */;
			proxyType = 1;
			remoteGlobalIDString = 10BD132927C61F490059DCD0;
			remoteInfo = MiniChallenge3;
		};
/* End PBXContainerItemProxy section */

/* Begin PBXFileReference section */
		1073F68727C62C720089312C /* homeVC.swift */ = {isa = PBXFileReference; lastKnownFileType = sourcecode.swift; path = homeVC.swift; sourceTree = "<group>"; };
		10BD132A27C61F490059DCD0 /* MiniChallenge3.app */ = {isa = PBXFileReference; explicitFileType = wrapper.application; includeInIndex = 0; path = MiniChallenge3.app; sourceTree = BUILT_PRODUCTS_DIR; };
		10BD132D27C61F490059DCD0 /* AppDelegate.swift */ = {isa = PBXFileReference; lastKnownFileType = sourcecode.swift; path = AppDelegate.swift; sourceTree = "<group>"; };
		10BD132F27C61F490059DCD0 /* SceneDelegate.swift */ = {isa = PBXFileReference; lastKnownFileType = sourcecode.swift; path = SceneDelegate.swift; sourceTree = "<group>"; };
		10BD133127C61F490059DCD0 /* ViewController.swift */ = {isa = PBXFileReference; lastKnownFileType = sourcecode.swift; path = ViewController.swift; sourceTree = "<group>"; };
		10BD133427C61F490059DCD0 /* Base */ = {isa = PBXFileReference; lastKnownFileType = file.storyboard; name = Base; path = Base.lproj/Main.storyboard; sourceTree = "<group>"; };
		10BD133727C61F490059DCD0 /* MiniChallenge3.xcdatamodel */ = {isa = PBXFileReference; lastKnownFileType = wrapper.xcdatamodel; path = MiniChallenge3.xcdatamodel; sourceTree = "<group>"; };
		10BD133927C61F4A0059DCD0 /* Assets.xcassets */ = {isa = PBXFileReference; lastKnownFileType = folder.assetcatalog; path = Assets.xcassets; sourceTree = "<group>"; };
		10BD133C27C61F4A0059DCD0 /* Base */ = {isa = PBXFileReference; lastKnownFileType = file.storyboard; name = Base; path = Base.lproj/LaunchScreen.storyboard; sourceTree = "<group>"; };
		10BD133E27C61F4A0059DCD0 /* Info.plist */ = {isa = PBXFileReference; lastKnownFileType = text.plist.xml; path = Info.plist; sourceTree = "<group>"; };
		10BD134327C61F4A0059DCD0 /* MiniChallenge3Tests.xctest */ = {isa = PBXFileReference; explicitFileType = wrapper.cfbundle; includeInIndex = 0; path = MiniChallenge3Tests.xctest; sourceTree = BUILT_PRODUCTS_DIR; };
		10BD134727C61F4A0059DCD0 /* MiniChallenge3Tests.swift */ = {isa = PBXFileReference; lastKnownFileType = sourcecode.swift; path = MiniChallenge3Tests.swift; sourceTree = "<group>"; };
		10BD134D27C61F4A0059DCD0 /* MiniChallenge3UITests.xctest */ = {isa = PBXFileReference; explicitFileType = wrapper.cfbundle; includeInIndex = 0; path = MiniChallenge3UITests.xctest; sourceTree = BUILT_PRODUCTS_DIR; };
		10BD135127C61F4A0059DCD0 /* MiniChallenge3UITests.swift */ = {isa = PBXFileReference; lastKnownFileType = sourcecode.swift; path = MiniChallenge3UITests.swift; sourceTree = "<group>"; };
		10BD135327C61F4A0059DCD0 /* MiniChallenge3UITestsLaunchTests.swift */ = {isa = PBXFileReference; lastKnownFileType = sourcecode.swift; path = MiniChallenge3UITestsLaunchTests.swift; sourceTree = "<group>"; };
/* End PBXFileReference section */

/* Begin PBXFrameworksBuildPhase section */
		10BD132727C61F490059DCD0 /* Frameworks */ = {
			isa = PBXFrameworksBuildPhase;
			buildActionMask = 2147483647;
			files = (
			);
			runOnlyForDeploymentPostprocessing = 0;
		};
		10BD134027C61F4A0059DCD0 /* Frameworks */ = {
			isa = PBXFrameworksBuildPhase;
			buildActionMask = 2147483647;
			files = (
			);
			runOnlyForDeploymentPostprocessing = 0;
		};
		10BD134A27C61F4A0059DCD0 /* Frameworks */ = {
			isa = PBXFrameworksBuildPhase;
			buildActionMask = 2147483647;
			files = (
			);
			runOnlyForDeploymentPostprocessing = 0;
		};
/* End PBXFrameworksBuildPhase section */

/* Begin PBXGroup section */
		10BD132127C61F490059DCD0 = {
			isa = PBXGroup;
			children = (
				10BD132C27C61F490059DCD0 /* MiniChallenge3 */,
				10BD134627C61F4A0059DCD0 /* MiniChallenge3Tests */,
				10BD135027C61F4A0059DCD0 /* MiniChallenge3UITests */,
				10BD132B27C61F490059DCD0 /* Products */,
			);
			sourceTree = "<group>";
		};
		10BD132B27C61F490059DCD0 /* Products */ = {
			isa = PBXGroup;
			children = (
				10BD132A27C61F490059DCD0 /* MiniChallenge3.app */,
				10BD134327C61F4A0059DCD0 /* MiniChallenge3Tests.xctest */,
				10BD134D27C61F4A0059DCD0 /* MiniChallenge3UITests.xctest */,
			);
			name = Products;
			sourceTree = "<group>";
		};
		10BD132C27C61F490059DCD0 /* MiniChallenge3 */ = {
			isa = PBXGroup;
			children = (
				10BD132D27C61F490059DCD0 /* AppDelegate.swift */,
				10BD132F27C61F490059DCD0 /* SceneDelegate.swift */,
				10BD133127C61F490059DCD0 /* ViewController.swift */,
				10BD133327C61F490059DCD0 /* Main.storyboard */,
				10BD133927C61F4A0059DCD0 /* Assets.xcassets */,
				10BD133B27C61F4A0059DCD0 /* LaunchScreen.storyboard */,
				10BD133E27C61F4A0059DCD0 /* Info.plist */,
				10BD133627C61F490059DCD0 /* MiniChallenge3.xcdatamodeld */,
				1073F68727C62C720089312C /* homeVC.swift */,
			);
			path = MiniChallenge3;
			sourceTree = "<group>";
		};
		10BD134627C61F4A0059DCD0 /* MiniChallenge3Tests */ = {
			isa = PBXGroup;
			children = (
				10BD134727C61F4A0059DCD0 /* MiniChallenge3Tests.swift */,
			);
			path = MiniChallenge3Tests;
			sourceTree = "<group>";
		};
		10BD135027C61F4A0059DCD0 /* MiniChallenge3UITests */ = {
			isa = PBXGroup;
			children = (
				10BD135127C61F4A0059DCD0 /* MiniChallenge3UITests.swift */,
				10BD135327C61F4A0059DCD0 /* MiniChallenge3UITestsLaunchTests.swift */,
			);
			path = MiniChallenge3UITests;
			sourceTree = "<group>";
		};
/* End PBXGroup section */

/* Begin PBXNativeTarget section */
		10BD132927C61F490059DCD0 /* MiniChallenge3 */ = {
			isa = PBXNativeTarget;
			buildConfigurationList = 10BD135727C61F4A0059DCD0 /* Build configuration list for PBXNativeTarget "MiniChallenge3" */;
			buildPhases = (
				10BD132627C61F490059DCD0 /* Sources */,
				10BD132727C61F490059DCD0 /* Frameworks */,
				10BD132827C61F490059DCD0 /* Resources */,
			);
			buildRules = (
			);
			dependencies = (
			);
			name = MiniChallenge3;
			productName = MiniChallenge3;
			productReference = 10BD132A27C61F490059DCD0 /* MiniChallenge3.app */;
			productType = "com.apple.product-type.application";
		};
		10BD134227C61F4A0059DCD0 /* MiniChallenge3Tests */ = {
			isa = PBXNativeTarget;
			buildConfigurationList = 10BD135A27C61F4A0059DCD0 /* Build configuration list for PBXNativeTarget "MiniChallenge3Tests" */;
			buildPhases = (
				10BD133F27C61F4A0059DCD0 /* Sources */,
				10BD134027C61F4A0059DCD0 /* Frameworks */,
				10BD134127C61F4A0059DCD0 /* Resources */,
			);
			buildRules = (
			);
			dependencies = (
				10BD134527C61F4A0059DCD0 /* PBXTargetDependency */,
			);
			name = MiniChallenge3Tests;
			productName = MiniChallenge3Tests;
			productReference = 10BD134327C61F4A0059DCD0 /* MiniChallenge3Tests.xctest */;
			productType = "com.apple.product-type.bundle.unit-test";
		};
		10BD134C27C61F4A0059DCD0 /* MiniChallenge3UITests */ = {
			isa = PBXNativeTarget;
			buildConfigurationList = 10BD135D27C61F4A0059DCD0 /* Build configuration list for PBXNativeTarget "MiniChallenge3UITests" */;
			buildPhases = (
				10BD134927C61F4A0059DCD0 /* Sources */,
				10BD134A27C61F4A0059DCD0 /* Frameworks */,
				10BD134B27C61F4A0059DCD0 /* Resources */,
			);
			buildRules = (
			);
			dependencies = (
				10BD134F27C61F4A0059DCD0 /* PBXTargetDependency */,
			);
			name = MiniChallenge3UITests;
			productName = MiniChallenge3UITests;
			productReference = 10BD134D27C61F4A0059DCD0 /* MiniChallenge3UITests.xctest */;
			productType = "com.apple.product-type.bundle.ui-testing";
		};
/* End PBXNativeTarget section */

/* Begin PBXProject section */
		10BD132227C61F490059DCD0 /* Project object */ = {
			isa = PBXProject;
			attributes = {
				BuildIndependentTargetsInParallel = 1;
				LastSwiftUpdateCheck = 1320;
				LastUpgradeCheck = 1320;
				TargetAttributes = {
					10BD132927C61F490059DCD0 = {
						CreatedOnToolsVersion = 13.2.1;
					};
					10BD134227C61F4A0059DCD0 = {
						CreatedOnToolsVersion = 13.2.1;
						TestTargetID = 10BD132927C61F490059DCD0;
					};
					10BD134C27C61F4A0059DCD0 = {
						CreatedOnToolsVersion = 13.2.1;
						TestTargetID = 10BD132927C61F490059DCD0;
					};
				};
			};
			buildConfigurationList = 10BD132527C61F490059DCD0 /* Build configuration list for PBXProject "MiniChallenge3" */;
			compatibilityVersion = "Xcode 13.0";
			developmentRegion = en;
			hasScannedForEncodings = 0;
			knownRegions = (
				en,
				Base,
			);
			mainGroup = 10BD132127C61F490059DCD0;
			productRefGroup = 10BD132B27C61F490059DCD0 /* Products */;
			projectDirPath = "";
			projectRoot = "";
			targets = (
				10BD132927C61F490059DCD0 /* MiniChallenge3 */,
				10BD134227C61F4A0059DCD0 /* MiniChallenge3Tests */,
				10BD134C27C61F4A0059DCD0 /* MiniChallenge3UITests */,
			);
		};
/* End PBXProject section */

/* Begin PBXResourcesBuildPhase section */
		10BD132827C61F490059DCD0 /* Resources */ = {
			isa = PBXResourcesBuildPhase;
			buildActionMask = 2147483647;
			files = (
				10BD133D27C61F4A0059DCD0 /* LaunchScreen.storyboard in Resources */,
				10BD133A27C61F4A0059DCD0 /* Assets.xcassets in Resources */,
				10BD133527C61F490059DCD0 /* Main.storyboard in Resources */,
			);
			runOnlyForDeploymentPostprocessing = 0;
		};
		10BD134127C61F4A0059DCD0 /* Resources */ = {
			isa = PBXResourcesBuildPhase;
			buildActionMask = 2147483647;
			files = (
			);
			runOnlyForDeploymentPostprocessing = 0;
		};
		10BD134B27C61F4A0059DCD0 /* Resources */ = {
			isa = PBXResourcesBuildPhase;
			buildActionMask = 2147483647;
			files = (
			);
			runOnlyForDeploymentPostprocessing = 0;
		};
/* End PBXResourcesBuildPhase section */

/* Begin PBXSourcesBuildPhase section */
		10BD132627C61F490059DCD0 /* Sources */ = {
			isa = PBXSourcesBuildPhase;
			buildActionMask = 2147483647;
			files = (
				10BD133227C61F490059DCD0 /* ViewController.swift in Sources */,
				10BD132E27C61F490059DCD0 /* AppDelegate.swift in Sources */,
				1073F68827C62C720089312C /* homeVC.swift in Sources */,
				10BD133827C61F490059DCD0 /* MiniChallenge3.xcdatamodeld in Sources */,
				10BD133027C61F490059DCD0 /* SceneDelegate.swift in Sources */,
			);
			runOnlyForDeploymentPostprocessing = 0;
		};
		10BD133F27C61F4A0059DCD0 /* Sources */ = {
			isa = PBXSourcesBuildPhase;
			buildActionMask = 2147483647;
			files = (
				10BD134827C61F4A0059DCD0 /* MiniChallenge3Tests.swift in Sources */,
			);
			runOnlyForDeploymentPostprocessing = 0;
		};
		10BD134927C61F4A0059DCD0 /* Sources */ = {
			isa = PBXSourcesBuildPhase;
			buildActionMask = 2147483647;
			files = (
				10BD135227C61F4A0059DCD0 /* MiniChallenge3UITests.swift in Sources */,
				10BD135427C61F4A0059DCD0 /* MiniChallenge3UITestsLaunchTests.swift in Sources */,
			);
			runOnlyForDeploymentPostprocessing = 0;
		};
/* End PBXSourcesBuildPhase section */

/* Begin PBXTargetDependency section */
		10BD134527C61F4A0059DCD0 /* PBXTargetDependency */ = {
			isa = PBXTargetDependency;
			target = 10BD132927C61F490059DCD0 /* MiniChallenge3 */;
			targetProxy = 10BD134427C61F4A0059DCD0 /* PBXContainerItemProxy */;
		};
		10BD134F27C61F4A0059DCD0 /* PBXTargetDependency */ = {
			isa = PBXTargetDependency;
			target = 10BD132927C61F490059DCD0 /* MiniChallenge3 */;
			targetProxy = 10BD134E27C61F4A0059DCD0 /* PBXContainerItemProxy */;
		};
/* End PBXTargetDependency section */

/* Begin PBXVariantGroup section */
		10BD133327C61F490059DCD0 /* Main.storyboard */ = {
			isa = PBXVariantGroup;
			children = (
				10BD133427C61F490059DCD0 /* Base */,
			);
			name = Main.storyboard;
			sourceTree = "<group>";
		};
		10BD133B27C61F4A0059DCD0 /* LaunchScreen.storyboard */ = {
			isa = PBXVariantGroup;
			children = (
				10BD133C27C61F4A0059DCD0 /* Base */,
			);
			name = LaunchScreen.storyboard;
			sourceTree = "<group>";
		};
/* End PBXVariantGroup section */

/* Begin XCBuildConfiguration section */
		10BD135527C61F4A0059DCD0 /* Debug */ = {
			isa = XCBuildConfiguration;
			buildSettings = {
				ALWAYS_SEARCH_USER_PATHS = NO;
				CLANG_ANALYZER_NONNULL = YES;
				CLANG_ANALYZER_NUMBER_OBJECT_CONVERSION = YES_AGGRESSIVE;
				CLANG_CXX_LANGUAGE_STANDARD = "gnu++17";
				CLANG_CXX_LIBRARY = "libc++";
				CLANG_ENABLE_MODULES = YES;
				CLANG_ENABLE_OBJC_ARC = YES;
				CLANG_ENABLE_OBJC_WEAK = YES;
				CLANG_WARN_BLOCK_CAPTURE_AUTORELEASING = YES;
				CLANG_WARN_BOOL_CONVERSION = YES;
				CLANG_WARN_COMMA = YES;
				CLANG_WARN_CONSTANT_CONVERSION = YES;
				CLANG_WARN_DEPRECATED_OBJC_IMPLEMENTATIONS = YES;
				CLANG_WARN_DIRECT_OBJC_ISA_USAGE = YES_ERROR;
				CLANG_WARN_DOCUMENTATION_COMMENTS = YES;
				CLANG_WARN_EMPTY_BODY = YES;
				CLANG_WARN_ENUM_CONVERSION = YES;
				CLANG_WARN_INFINITE_RECURSION = YES;
				CLANG_WARN_INT_CONVERSION = YES;
				CLANG_WARN_NON_LITERAL_NULL_CONVERSION = YES;
				CLANG_WARN_OBJC_IMPLICIT_RETAIN_SELF = YES;
				CLANG_WARN_OBJC_LITERAL_CONVERSION = YES;
				CLANG_WARN_OBJC_ROOT_CLASS = YES_ERROR;
				CLANG_WARN_QUOTED_INCLUDE_IN_FRAMEWORK_HEADER = YES;
				CLANG_WARN_RANGE_LOOP_ANALYSIS = YES;
				CLANG_WARN_STRICT_PROTOTYPES = YES;
				CLANG_WARN_SUSPICIOUS_MOVE = YES;
				CLANG_WARN_UNGUARDED_AVAILABILITY = YES_AGGRESSIVE;
				CLANG_WARN_UNREACHABLE_CODE = YES;
				CLANG_WARN__DUPLICATE_METHOD_MATCH = YES;
				COPY_PHASE_STRIP = NO;
				DEBUG_INFORMATION_FORMAT = dwarf;
				ENABLE_STRICT_OBJC_MSGSEND = YES;
				ENABLE_TESTABILITY = YES;
				GCC_C_LANGUAGE_STANDARD = gnu11;
				GCC_DYNAMIC_NO_PIC = NO;
				GCC_NO_COMMON_BLOCKS = YES;
				GCC_OPTIMIZATION_LEVEL = 0;
				GCC_PREPROCESSOR_DEFINITIONS = (
					"DEBUG=1",
					"$(inherited)",
				);
				GCC_WARN_64_TO_32_BIT_CONVERSION = YES;
				GCC_WARN_ABOUT_RETURN_TYPE = YES_ERROR;
				GCC_WARN_UNDECLARED_SELECTOR = YES;
				GCC_WARN_UNINITIALIZED_AUTOS = YES_AGGRESSIVE;
				GCC_WARN_UNUSED_FUNCTION = YES;
				GCC_WARN_UNUSED_VARIABLE = YES;
				IPHONEOS_DEPLOYMENT_TARGET = 15.2;
				MTL_ENABLE_DEBUG_INFO = INCLUDE_SOURCE;
				MTL_FAST_MATH = YES;
				ONLY_ACTIVE_ARCH = YES;
				SDKROOT = iphoneos;
				SWIFT_ACTIVE_COMPILATION_CONDITIONS = DEBUG;
				SWIFT_OPTIMIZATION_LEVEL = "-Onone";
			};
			name = Debug;
		};
		10BD135627C61F4A0059DCD0 /* Release */ = {
			isa = XCBuildConfiguration;
			buildSettings = {
				ALWAYS_SEARCH_USER_PATHS = NO;
				CLANG_ANALYZER_NONNULL = YES;
				CLANG_ANALYZER_NUMBER_OBJECT_CONVERSION = YES_AGGRESSIVE;
				CLANG_CXX_LANGUAGE_STANDARD = "gnu++17";
				CLANG_CXX_LIBRARY = "libc++";
				CLANG_ENABLE_MODULES = YES;
				CLANG_ENABLE_OBJC_ARC = YES;
				CLANG_ENABLE_OBJC_WEAK = YES;
				CLANG_WARN_BLOCK_CAPTURE_AUTORELEASING = YES;
				CLANG_WARN_BOOL_CONVERSION = YES;
				CLANG_WARN_COMMA = YES;
				CLANG_WARN_CONSTANT_CONVERSION = YES;
				CLANG_WARN_DEPRECATED_OBJC_IMPLEMENTATIONS = YES;
				CLANG_WARN_DIRECT_OBJC_ISA_USAGE = YES_ERROR;
				CLANG_WARN_DOCUMENTATION_COMMENTS = YES;
				CLANG_WARN_EMPTY_BODY = YES;
				CLANG_WARN_ENUM_CONVERSION = YES;
				CLANG_WARN_INFINITE_RECURSION = YES;
				CLANG_WARN_INT_CONVERSION = YES;
				CLANG_WARN_NON_LITERAL_NULL_CONVERSION = YES;
				CLANG_WARN_OBJC_IMPLICIT_RETAIN_SELF = YES;
				CLANG_WARN_OBJC_LITERAL_CONVERSION = YES;
				CLANG_WARN_OBJC_ROOT_CLASS = YES_ERROR;
				CLANG_WARN_QUOTED_INCLUDE_IN_FRAMEWORK_HEADER = YES;
				CLANG_WARN_RANGE_LOOP_ANALYSIS = YES;
				CLANG_WARN_STRICT_PROTOTYPES = YES;
				CLANG_WARN_SUSPICIOUS_MOVE = YES;
				CLANG_WARN_UNGUARDED_AVAILABILITY = YES_AGGRESSIVE;
				CLANG_WARN_UNREACHABLE_CODE = YES;
				CLANG_WARN__DUPLICATE_METHOD_MATCH = YES;
				COPY_PHASE_STRIP = NO;
				DEBUG_INFORMATION_FORMAT = "dwarf-with-dsym";
				ENABLE_NS_ASSERTIONS = NO;
				ENABLE_STRICT_OBJC_MSGSEND = YES;
				GCC_C_LANGUAGE_STANDARD = gnu11;
				GCC_NO_COMMON_BLOCKS = YES;
				GCC_WARN_64_TO_32_BIT_CONVERSION = YES;
				GCC_WARN_ABOUT_RETURN_TYPE = YES_ERROR;
				GCC_WARN_UNDECLARED_SELECTOR = YES;
				GCC_WARN_UNINITIALIZED_AUTOS = YES_AGGRESSIVE;
				GCC_WARN_UNUSED_FUNCTION = YES;
				GCC_WARN_UNUSED_VARIABLE = YES;
				IPHONEOS_DEPLOYMENT_TARGET = 15.2;
				MTL_ENABLE_DEBUG_INFO = NO;
				MTL_FAST_MATH = YES;
				SDKROOT = iphoneos;
				SWIFT_COMPILATION_MODE = wholemodule;
				SWIFT_OPTIMIZATION_LEVEL = "-O";
				VALIDATE_PRODUCT = YES;
			};
			name = Release;
		};
		10BD135827C61F4A0059DCD0 /* Debug */ = {
			isa = XCBuildConfiguration;
			buildSettings = {
				ASSETCATALOG_COMPILER_APPICON_NAME = AppIcon;
				ASSETCATALOG_COMPILER_GLOBAL_ACCENT_COLOR_NAME = AccentColor;
				CODE_SIGN_STYLE = Automatic;
				CURRENT_PROJECT_VERSION = 1;
				GENERATE_INFOPLIST_FILE = YES;
				INFOPLIST_FILE = MiniChallenge3/Info.plist;
				INFOPLIST_KEY_UIApplicationSupportsIndirectInputEvents = YES;
				INFOPLIST_KEY_UILaunchStoryboardName = LaunchScreen;
				INFOPLIST_KEY_UIMainStoryboardFile = Main;
				INFOPLIST_KEY_UISupportedInterfaceOrientations_iPad = "UIInterfaceOrientationPortrait UIInterfaceOrientationPortraitUpsideDown UIInterfaceOrientationLandscapeLeft UIInterfaceOrientationLandscapeRight";
				INFOPLIST_KEY_UISupportedInterfaceOrientations_iPhone = "UIInterfaceOrientationPortrait UIInterfaceOrientationLandscapeLeft UIInterfaceOrientationLandscapeRight";
				LD_RUNPATH_SEARCH_PATHS = (
					"$(inherited)",
					"@executable_path/Frameworks",
				);
				MARKETING_VERSION = 1.0;
				PRODUCT_BUNDLE_IDENTIFIER = Sa.Maha.MiniChallenge3;
				PRODUCT_NAME = "$(TARGET_NAME)";
				SWIFT_EMIT_LOC_STRINGS = YES;
				SWIFT_VERSION = 5.0;
				TARGETED_DEVICE_FAMILY = "1,2";
			};
			name = Debug;
		};
		10BD135927C61F4A0059DCD0 /* Release */ = {
			isa = XCBuildConfiguration;
			buildSettings = {
				ASSETCATALOG_COMPILER_APPICON_NAME = AppIcon;
				ASSETCATALOG_COMPILER_GLOBAL_ACCENT_COLOR_NAME = AccentColor;
				CODE_SIGN_STYLE = Automatic;
				CURRENT_PROJECT_VERSION = 1;
				GENERATE_INFOPLIST_FILE = YES;
				INFOPLIST_FILE = MiniChallenge3/Info.plist;
				INFOPLIST_KEY_UIApplicationSupportsIndirectInputEvents = YES;
				INFOPLIST_KEY_UILaunchStoryboardName = LaunchScreen;
				INFOPLIST_KEY_UIMainStoryboardFile = Main;
				INFOPLIST_KEY_UISupportedInterfaceOrientations_iPad = "UIInterfaceOrientationPortrait UIInterfaceOrientationPortraitUpsideDown UIInterfaceOrientationLandscapeLeft UIInterfaceOrientationLandscapeRight";
				INFOPLIST_KEY_UISupportedInterfaceOrientations_iPhone = "UIInterfaceOrientationPortrait UIInterfaceOrientationLandscapeLeft UIInterfaceOrientationLandscapeRight";
				LD_RUNPATH_SEARCH_PATHS = (
					"$(inherited)",
					"@executable_path/Frameworks",
				);
				MARKETING_VERSION = 1.0;
				PRODUCT_BUNDLE_IDENTIFIER = Sa.Maha.MiniChallenge3;
				PRODUCT_NAME = "$(TARGET_NAME)";
				SWIFT_EMIT_LOC_STRINGS = YES;
				SWIFT_VERSION = 5.0;
				TARGETED_DEVICE_FAMILY = "1,2";
			};
			name = Release;
		};
		10BD135B27C61F4A0059DCD0 /* Debug */ = {
			isa = XCBuildConfiguration;
			buildSettings = {
				ALWAYS_EMBED_SWIFT_STANDARD_LIBRARIES = YES;
				BUNDLE_LOADER = "$(TEST_HOST)";
				CODE_SIGN_STYLE = Automatic;
				CURRENT_PROJECT_VERSION = 1;
				GENERATE_INFOPLIST_FILE = YES;
				IPHONEOS_DEPLOYMENT_TARGET = 15.2;
				MARKETING_VERSION = 1.0;
				PRODUCT_BUNDLE_IDENTIFIER = Sa.Maha.MiniChallenge3Tests;
				PRODUCT_NAME = "$(TARGET_NAME)";
				SWIFT_EMIT_LOC_STRINGS = NO;
				SWIFT_VERSION = 5.0;
				TARGETED_DEVICE_FAMILY = "1,2";
				TEST_HOST = "$(BUILT_PRODUCTS_DIR)/MiniChallenge3.app/MiniChallenge3";
			};
			name = Debug;
		};
		10BD135C27C61F4A0059DCD0 /* Release */ = {
			isa = XCBuildConfiguration;
			buildSettings = {
				ALWAYS_EMBED_SWIFT_STANDARD_LIBRARIES = YES;
				BUNDLE_LOADER = "$(TEST_HOST)";
				CODE_SIGN_STYLE = Automatic;
				CURRENT_PROJECT_VERSION = 1;
				GENERATE_INFOPLIST_FILE = YES;
				IPHONEOS_DEPLOYMENT_TARGET = 15.2;
				MARKETING_VERSION = 1.0;
				PRODUCT_BUNDLE_IDENTIFIER = Sa.Maha.MiniChallenge3Tests;
				PRODUCT_NAME = "$(TARGET_NAME)";
				SWIFT_EMIT_LOC_STRINGS = NO;
				SWIFT_VERSION = 5.0;
				TARGETED_DEVICE_FAMILY = "1,2";
				TEST_HOST = "$(BUILT_PRODUCTS_DIR)/MiniChallenge3.app/MiniChallenge3";
			};
			name = Release;
		};
		10BD135E27C61F4A0059DCD0 /* Debug */ = {
			isa = XCBuildConfiguration;
			buildSettings = {
				ALWAYS_EMBED_SWIFT_STANDARD_LIBRARIES = YES;
				CODE_SIGN_STYLE = Automatic;
				CURRENT_PROJECT_VERSION = 1;
				GENERATE_INFOPLIST_FILE = YES;
				MARKETING_VERSION = 1.0;
				PRODUCT_BUNDLE_IDENTIFIER = Sa.Maha.MiniChallenge3UITests;
				PRODUCT_NAME = "$(TARGET_NAME)";
				SWIFT_EMIT_LOC_STRINGS = NO;
				SWIFT_VERSION = 5.0;
				TARGETED_DEVICE_FAMILY = "1,2";
				TEST_TARGET_NAME = MiniChallenge3;
			};
			name = Debug;
		};
		10BD135F27C61F4A0059DCD0 /* Release */ = {
			isa = XCBuildConfiguration;
			buildSettings = {
				ALWAYS_EMBED_SWIFT_STANDARD_LIBRARIES = YES;
				CODE_SIGN_STYLE = Automatic;
				CURRENT_PROJECT_VERSION = 1;
				GENERATE_INFOPLIST_FILE = YES;
				MARKETING_VERSION = 1.0;
				PRODUCT_BUNDLE_IDENTIFIER = Sa.Maha.MiniChallenge3UITests;
				PRODUCT_NAME = "$(TARGET_NAME)";
				SWIFT_EMIT_LOC_STRINGS = NO;
				SWIFT_VERSION = 5.0;
				TARGETED_DEVICE_FAMILY = "1,2";
				TEST_TARGET_NAME = MiniChallenge3;
			};
			name = Release;
		};
/* End XCBuildConfiguration section */

/* Begin XCConfigurationList section */
		10BD132527C61F490059DCD0 /* Build configuration list for PBXProject "MiniChallenge3" */ = {
			isa = XCConfigurationList;
			buildConfigurations = (
				10BD135527C61F4A0059DCD0 /* Debug */,
				10BD135627C61F4A0059DCD0 /* Release */,
			);
			defaultConfigurationIsVisible = 0;
			defaultConfigurationName = Release;
		};
		10BD135727C61F4A0059DCD0 /* Build configuration list for PBXNativeTarget "MiniChallenge3" */ = {
			isa = XCConfigurationList;
			buildConfigurations = (
				10BD135827C61F4A0059DCD0 /* Debug */,
				10BD135927C61F4A0059DCD0 /* Release */,
			);
			defaultConfigurationIsVisible = 0;
			defaultConfigurationName = Release;
		};
		10BD135A27C61F4A0059DCD0 /* Build configuration list for PBXNativeTarget "MiniChallenge3Tests" */ = {
			isa = XCConfigurationList;
			buildConfigurations = (
				10BD135B27C61F4A0059DCD0 /* Debug */,
				10BD135C27C61F4A0059DCD0 /* Release */,
			);
			defaultConfigurationIsVisible = 0;
			defaultConfigurationName = Release;
		};
		10BD135D27C61F4A0059DCD0 /* Build configuration list for PBXNativeTarget "MiniChallenge3UITests" */ = {
			isa = XCConfigurationList;
			buildConfigurations = (
				10BD135E27C61F4A0059DCD0 /* Debug */,
				10BD135F27C61F4A0059DCD0 /* Release */,
			);
			defaultConfigurationIsVisible = 0;
			defaultConfigurationName = Release;
		};
/* End XCConfigurationList section */

/* Begin XCVersionGroup section */
		10BD133627C61F490059DCD0 /* MiniChallenge3.xcdatamodeld */ = {
			isa = XCVersionGroup;
			children = (
				10BD133727C61F490059DCD0 /* MiniChallenge3.xcdatamodel */,
			);
			currentVersion = 10BD133727C61F490059DCD0 /* MiniChallenge3.xcdatamodel */;
			path = MiniChallenge3.xcdatamodeld;
			sourceTree = "<group>";
			versionGroupType = wrapper.xcdatamodel;
		};
/* End XCVersionGroup section */
	};
	rootObject = 10BD132227C61F490059DCD0 /* Project object */;
}
